{
    "name": "calalog",
    "version": "1.0.0",
    "lockfileVersion": 3,
    "requires": true,
    "packages": {
        "": {
            "name": "calalog",
            "version": "1.0.0",
            "license": "ISC",
            "dependencies": {
                "@anzerr/fs.copy": "^1.0.12",
                "@anzerr/fs.find": "^1.0.3",
                "@anzerr/fs.remove": "^1.0.15"
            }
        },
        "node_modules/@anzerr/fs.copy": {
            "version": "1.0.12",
            "resolved": "https://registry.npmjs.org/@anzerr/fs.copy/-/fs.copy-1.0.12.tgz",
            "integrity": "sha512-Zmg97i6jE4Am00Z5jMwqC/JXMB1NniOAmY2GnzgMOn1HLnfKVTHGO2tAykf6H5Aom7bI1f8RbN98bgnsXhXkOg==",
            "dependencies": {
                "@anzerr/fs.mkdirp": "^1.0.15",
                "@anzerr/fs.promisify": "^1.0.15",
                "@anzerr/promise.util": "^1.0.11",
                "@anzerr/type.util": "^1.0.17"
            },
            "engines": {
                "node": ">= 0.10.0"
            }
        },
        "node_modules/@anzerr/fs.find": {
            "version": "1.0.3",
            "resolved": "https://registry.npmjs.org/@anzerr/fs.find/-/fs.find-1.0.3.tgz",
            "integrity": "sha512-5SL4MB2EYRJg2IIkXxpfMIOO6JzxnoGxgITbMthf31B7uy+eECW5TEU6vbNIqM9NDvRRGkt7BUepLQ69F5w5+Q==",
            "dependencies": {
                "fs.promisify": "git+https://git@github.com/anzerr/fs.promisify.git",
                "promise.util": "git+https://git@github.com/anzerr/promise.util.git",
                "type.util": "git+https://git@github.com/anzerr/type.util.git"
            },
            "engines": {
                "node": ">= 0.10.0"
            }
        },
        "node_modules/@anzerr/fs.mkdirp": {
            "version": "1.0.15",
            "resolved": "https://registry.npmjs.org/@anzerr/fs.mkdirp/-/fs.mkdirp-1.0.15.tgz",
            "integrity": "sha512-ydC2XYDxC8akM/2MKd4UURNlGRMsDjrxWM9hyb7WdZ+wIXnAdCEDpLkEsvNlnOsiKbI5Ojg9ifeMPT8qkhnGSQ==",
            "dependencies": {
                "@anzerr/fs.promisify": "^1.0.15"
            },
            "engines": {
                "node": ">= 0.10.0"
            }
        },
        "node_modules/@anzerr/fs.promisify": {
            "version": "1.0.15",
            "resolved": "https://registry.npmjs.org/@anzerr/fs.promisify/-/fs.promisify-1.0.15.tgz",
            "integrity": "sha512-KSpTwQSOwUZoz2NM9ZANAq76QnR2or+M6dIapY2DOQwYn/AlRAFuOz644TQoSYuOinmX7UXisrRN9Gkh/A23Qw==",
            "engines": {
                "node": ">= 0.10.0"
            }
        },
        "node_modules/@anzerr/fs.remove": {
            "version": "1.0.15",
            "resolved": "https://registry.npmjs.org/@anzerr/fs.remove/-/fs.remove-1.0.15.tgz",
            "integrity": "sha512-951U3SFqqTD8K/Q4PcFKj40bffTKXbLHVufWkYGptwdznHkyWeS1TlIoob8Qj/cHoH86WdujgBUfiCD+YSit/w==",
            "dependencies": {
                "@anzerr/fs.promisify": "^1.0.15",
                "@anzerr/promise.util": "^1.0.11"
            },
            "engines": {
                "node": ">= 0.10.0"
            }
        },
        "node_modules/@anzerr/promise.util": {
            "version": "1.0.11",
            "resolved": "https://registry.npmjs.org/@anzerr/promise.util/-/promise.util-1.0.11.tgz",
            "integrity": "sha512-vHfXvq+q8TkhrGl93anI7YuZzBUEa2M4oejGpbbIfUeSU7FyniOoKUbLvD/bxFDkHWk/UnrroCMbfluKEN39pA==",
            "dependencies": {
                "@anzerr/type.util": "^1.0.17"
            },
            "engines": {
                "node": ">= 0.10.0"
            }
        },
        "node_modules/@anzerr/type.util": {
            "version": "1.0.17",
            "resolved": "https://registry.npmjs.org/@anzerr/type.util/-/type.util-1.0.17.tgz",
            "integrity": "sha512-CE8JubdRPIXDOM1HPyGVq0cr5dI6no/N0TbRl3pl9jDFYoCXoZY4ewyFAfT4emPGoSFl2lBNkhJADHgLElTxkw==",
            "engines": {
                "node": ">= 0.10.0"
            }
        },
        "node_modules/fs.promisify": {
            "version": "1.0.15",
            "resolved": "git+https://git@github.com/anzerr/fs.promisify.git#5a9f90c558793874af9cdfaee592cbbaeab0e4a7",
            "license": "MIT",
            "engines": {
                "node": ">= 0.10.0"
            }
        },
        "node_modules/promise.util": {
            "version": "1.0.11",
            "resolved": "git+https://git@github.com/anzerr/promise.util.git#62b66146be9b545f618ec8b993843157b367e64a",
            "license": "MIT",
            "dependencies": {
                "type.util": "git+https://github.com/anzerr/type.util.git"
            },
            "engines": {
                "node": ">= 0.10.0"
            }
        },
        "node_modules/type.util": {
            "version": "1.0.17",
            "resolved": "git+https://git@github.com/anzerr/type.util.git#f5b15256a11933a04db637bd0237522082241846",
            "license": "MIT",
            "engines": {
                "node": ">= 0.10.0"
            }
        }
    }
}